// !$*UTF8*$!
{
	archiveVersion = 1;
	classes = {
	};
	objectVersion = 51;
	objects = {

/* Begin PBXBuildFile section */
		570E54EB247D3A4400C4890D /* AppDelegate.swift in Sources */ = {isa = PBXBuildFile; fileRef = 570E54EA247D3A4400C4890D /* AppDelegate.swift */; };
		570E54ED247D3A4400C4890D /* SceneDelegate.swift in Sources */ = {isa = PBXBuildFile; fileRef = 570E54EC247D3A4400C4890D /* SceneDelegate.swift */; };
		570E54EF247D3A4400C4890D /* PeopleController.swift in Sources */ = {isa = PBXBuildFile; fileRef = 570E54EE247D3A4400C4890D /* PeopleController.swift */; };
		570E54F2247D3A4400C4890D /* Main.storyboard in Resources */ = {isa = PBXBuildFile; fileRef = 570E54F0247D3A4400C4890D /* Main.storyboard */; };
		570E54F4247D3A4500C4890D /* Assets.xcassets in Resources */ = {isa = PBXBuildFile; fileRef = 570E54F3247D3A4500C4890D /* Assets.xcassets */; };
		570E54F7247D3A4500C4890D /* LaunchScreen.storyboard in Resources */ = {isa = PBXBuildFile; fileRef = 570E54F5247D3A4500C4890D /* LaunchScreen.storyboard */; };
		570E54FF247D3B7000C4890D /* NetworkService.swift in Sources */ = {isa = PBXBuildFile; fileRef = 570E54FE247D3B7000C4890D /* NetworkService.swift */; };
		572449862484112D00630600 /* PeopleControllerExt.swift in Sources */ = {isa = PBXBuildFile; fileRef = 572449852484112D00630600 /* PeopleControllerExt.swift */; };
		5794EDB024819FA6004AE097 /* GridCell.swift in Sources */ = {isa = PBXBuildFile; fileRef = 5794EDAF24819FA6004AE097 /* GridCell.swift */; };
		5794EDB92481A78C004AE097 /* DetailedInfoController.swift in Sources */ = {isa = PBXBuildFile; fileRef = 5794EDB82481A78C004AE097 /* DetailedInfoController.swift */; };
		57EE7301247E934700163F36 /* DataModel.swift in Sources */ = {isa = PBXBuildFile; fileRef = 57EE7300247E934700163F36 /* DataModel.swift */; };
		57EE7303247E9C4700163F36 /* Randomizer.swift in Sources */ = {isa = PBXBuildFile; fileRef = 57EE7302247E9C4700163F36 /* Randomizer.swift */; };
		57EE7307247F23F200163F36 /* TableCell.swift in Sources */ = {isa = PBXBuildFile; fileRef = 57EE7306247F23F200163F36 /* TableCell.swift */; };
		81EBA3C165F066A32CA5277C /* Pods_Contacts.framework in Frameworks */ = {isa = PBXBuildFile; fileRef = 7BF02B925AE20F30A00A1188 /* Pods_Contacts.framework */; };
/* End PBXBuildFile section */

/* Begin PBXFileReference section */
		570E54E7247D3A4400C4890D /* Contacts.app */ = {isa = PBXFileReference; explicitFileType = wrapper.application; includeInIndex = 0; path = Contacts.app; sourceTree = BUILT_PRODUCTS_DIR; };
		570E54EA247D3A4400C4890D /* AppDelegate.swift */ = {isa = PBXFileReference; lastKnownFileType = sourcecode.swift; path = AppDelegate.swift; sourceTree = "<group>"; };
		570E54EC247D3A4400C4890D /* SceneDelegate.swift */ = {isa = PBXFileReference; lastKnownFileType = sourcecode.swift; path = SceneDelegate.swift; sourceTree = "<group>"; };
		570E54EE247D3A4400C4890D /* PeopleController.swift */ = {isa = PBXFileReference; lastKnownFileType = sourcecode.swift; path = PeopleController.swift; sourceTree = "<group>"; };
		570E54F1247D3A4400C4890D /* Base */ = {isa = PBXFileReference; lastKnownFileType = file.storyboard; name = Base; path = Base.lproj/Main.storyboard; sourceTree = "<group>"; };
		570E54F3247D3A4500C4890D /* Assets.xcassets */ = {isa = PBXFileReference; lastKnownFileType = folder.assetcatalog; path = Assets.xcassets; sourceTree = "<group>"; };
		570E54F6247D3A4500C4890D /* Base */ = {isa = PBXFileReference; lastKnownFileType = file.storyboard; name = Base; path = Base.lproj/LaunchScreen.storyboard; sourceTree = "<group>"; };
		570E54F8247D3A4500C4890D /* Info.plist */ = {isa = PBXFileReference; lastKnownFileType = text.plist.xml; path = Info.plist; sourceTree = "<group>"; };
		570E54FE247D3B7000C4890D /* NetworkService.swift */ = {isa = PBXFileReference; lastKnownFileType = sourcecode.swift; path = NetworkService.swift; sourceTree = "<group>"; };
		572449852484112D00630600 /* PeopleControllerExt.swift */ = {isa = PBXFileReference; lastKnownFileType = sourcecode.swift; path = PeopleControllerExt.swift; sourceTree = "<group>"; };
		5794EDAF24819FA6004AE097 /* GridCell.swift */ = {isa = PBXFileReference; lastKnownFileType = sourcecode.swift; path = GridCell.swift; sourceTree = "<group>"; };
		5794EDB82481A78C004AE097 /* DetailedInfoController.swift */ = {isa = PBXFileReference; lastKnownFileType = sourcecode.swift; path = DetailedInfoController.swift; sourceTree = "<group>"; };
		57EE7300247E934700163F36 /* DataModel.swift */ = {isa = PBXFileReference; lastKnownFileType = sourcecode.swift; path = DataModel.swift; sourceTree = "<group>"; };
		57EE7302247E9C4700163F36 /* Randomizer.swift */ = {isa = PBXFileReference; lastKnownFileType = sourcecode.swift; path = Randomizer.swift; sourceTree = "<group>"; };
		57EE7306247F23F200163F36 /* TableCell.swift */ = {isa = PBXFileReference; lastKnownFileType = sourcecode.swift; path = TableCell.swift; sourceTree = "<group>"; };
		7BF02B925AE20F30A00A1188 /* Pods_Contacts.framework */ = {isa = PBXFileReference; explicitFileType = wrapper.framework; includeInIndex = 0; path = Pods_Contacts.framework; sourceTree = BUILT_PRODUCTS_DIR; };
		A1B0B4989E010FA0C128B2CA /* Pods-Contacts.debug.xcconfig */ = {isa = PBXFileReference; includeInIndex = 1; lastKnownFileType = text.xcconfig; name = "Pods-Contacts.debug.xcconfig"; path = "Target Support Files/Pods-Contacts/Pods-Contacts.debug.xcconfig"; sourceTree = "<group>"; };
		B1A5E1D48C45D59754F80EE9 /* Pods-Contacts.release.xcconfig */ = {isa = PBXFileReference; includeInIndex = 1; lastKnownFileType = text.xcconfig; name = "Pods-Contacts.release.xcconfig"; path = "Target Support Files/Pods-Contacts/Pods-Contacts.release.xcconfig"; sourceTree = "<group>"; };
/* End PBXFileReference section */

/* Begin PBXFrameworksBuildPhase section */
		570E54E4247D3A4400C4890D /* Frameworks */ = {
			isa = PBXFrameworksBuildPhase;
			buildActionMask = 2147483647;
			files = (
				81EBA3C165F066A32CA5277C /* Pods_Contacts.framework in Frameworks */,
			);
			runOnlyForDeploymentPostprocessing = 0;
		};
/* End PBXFrameworksBuildPhase section */

/* Begin PBXGroup section */
		570E54DE247D3A4400C4890D = {
			isa = PBXGroup;
			children = (
				570E54E9247D3A4400C4890D /* Contacts */,
				570E54E8247D3A4400C4890D /* Products */,
				AD5753622BE840A2F1EB605E /* Pods */,
				C992C05E15DFEA233B9F751B /* Frameworks */,
			);
			sourceTree = "<group>";
		};
		570E54E8247D3A4400C4890D /* Products */ = {
			isa = PBXGroup;
			children = (
				570E54E7247D3A4400C4890D /* Contacts.app */,
			);
			name = Products;
			sourceTree = "<group>";
		};
		570E54E9247D3A4400C4890D /* Contacts */ = {
			isa = PBXGroup;
			children = (
				5794EDB42481A62C004AE097 /* Model */,
				5794EDB32481A60B004AE097 /* View */,
				5794EDB22481A5F1004AE097 /* Controller */,
				5794EDB72481A6F4004AE097 /* Services */,
				5794EDB62481A6E3004AE097 /* Supporting Files */,
			);
			path = Contacts;
			sourceTree = "<group>";
		};
		572449872484113300630600 /* Extensions */ = {
			isa = PBXGroup;
			children = (
				572449852484112D00630600 /* PeopleControllerExt.swift */,
			);
			path = Extensions;
			sourceTree = "<group>";
		};
		5794EDB12481A51A004AE097 /* Cells */ = {
			isa = PBXGroup;
			children = (
				57EE7306247F23F200163F36 /* TableCell.swift */,
				5794EDAF24819FA6004AE097 /* GridCell.swift */,
			);
			path = Cells;
			sourceTree = "<group>";
		};
		5794EDB22481A5F1004AE097 /* Controller */ = {
			isa = PBXGroup;
			children = (
				570E54EE247D3A4400C4890D /* PeopleController.swift */,
				5794EDB82481A78C004AE097 /* DetailedInfoController.swift */,
				572449872484113300630600 /* Extensions */,
			);
			path = Controller;
			sourceTree = "<group>";
		};
		5794EDB32481A60B004AE097 /* View */ = {
			isa = PBXGroup;
			children = (
				5794EDB12481A51A004AE097 /* Cells */,
				5794EDB52481A67D004AE097 /* Storyboards */,
			);
			path = View;
			sourceTree = "<group>";
		};
		5794EDB42481A62C004AE097 /* Model */ = {
			isa = PBXGroup;
			children = (
				57EE7300247E934700163F36 /* DataModel.swift */,
			);
			path = Model;
			sourceTree = "<group>";
		};
		5794EDB52481A67D004AE097 /* Storyboards */ = {
			isa = PBXGroup;
			children = (
				570E54F0247D3A4400C4890D /* Main.storyboard */,
				570E54F5247D3A4500C4890D /* LaunchScreen.storyboard */,
			);
			path = Storyboards;
			sourceTree = "<group>";
		};
		5794EDB62481A6E3004AE097 /* Supporting Files */ = {
			isa = PBXGroup;
			children = (
				570E54EA247D3A4400C4890D /* AppDelegate.swift */,
				570E54EC247D3A4400C4890D /* SceneDelegate.swift */,
				570E54F3247D3A4500C4890D /* Assets.xcassets */,
				570E54F8247D3A4500C4890D /* Info.plist */,
			);
			path = "Supporting Files";
			sourceTree = "<group>";
		};
		5794EDB72481A6F4004AE097 /* Services */ = {
			isa = PBXGroup;
			children = (
				570E54FE247D3B7000C4890D /* NetworkService.swift */,
				57EE7302247E9C4700163F36 /* Randomizer.swift */,
			);
			path = Services;
			sourceTree = "<group>";
		};
		AD5753622BE840A2F1EB605E /* Pods */ = {
			isa = PBXGroup;
			children = (
				A1B0B4989E010FA0C128B2CA /* Pods-Contacts.debug.xcconfig */,
				B1A5E1D48C45D59754F80EE9 /* Pods-Contacts.release.xcconfig */,
			);
			path = Pods;
			sourceTree = "<group>";
		};
		C992C05E15DFEA233B9F751B /* Frameworks */ = {
			isa = PBXGroup;
			children = (
				7BF02B925AE20F30A00A1188 /* Pods_Contacts.framework */,
			);
			name = Frameworks;
			sourceTree = "<group>";
		};
/* End PBXGroup section */

/* Begin PBXNativeTarget section */
		570E54E6247D3A4400C4890D /* Contacts */ = {
			isa = PBXNativeTarget;
			buildConfigurationList = 570E54FB247D3A4500C4890D /* Build configuration list for PBXNativeTarget "Contacts" */;
			buildPhases = (
				4FA4171CADE6AACF11F7CC8B /* [CP] Check Pods Manifest.lock */,
				570E54E3247D3A4400C4890D /* Sources */,
				570E54E4247D3A4400C4890D /* Frameworks */,
				570E54E5247D3A4400C4890D /* Resources */,
				79CF597E67F0CD61F3947606 /* [CP] Embed Pods Frameworks */,
			);
			buildRules = (
			);
			dependencies = (
			);
			name = Contacts;
			productName = Contacts;
			productReference = 570E54E7247D3A4400C4890D /* Contacts.app */;
			productType = "com.apple.product-type.application";
		};
/* End PBXNativeTarget section */

/* Begin PBXProject section */
		570E54DF247D3A4400C4890D /* Project object */ = {
			isa = PBXProject;
			attributes = {
				LastSwiftUpdateCheck = 1150;
				LastUpgradeCheck = 1150;
				ORGANIZATIONNAME = "Victor Pelivan";
				TargetAttributes = {
					570E54E6247D3A4400C4890D = {
						CreatedOnToolsVersion = 11.5;
					};
				};
			};
			buildConfigurationList = 570E54E2247D3A4400C4890D /* Build configuration list for PBXProject "Contacts" */;
			compatibilityVersion = "Xcode 9.3";
			developmentRegion = en;
			hasScannedForEncodings = 0;
			knownRegions = (
				en,
				Base,
			);
			mainGroup = 570E54DE247D3A4400C4890D;
			productRefGroup = 570E54E8247D3A4400C4890D /* Products */;
			projectDirPath = "";
			projectRoot = "";
			targets = (
				570E54E6247D3A4400C4890D /* Contacts */,
			);
		};
/* End PBXProject section */

/* Begin PBXResourcesBuildPhase section */
		570E54E5247D3A4400C4890D /* Resources */ = {
			isa = PBXResourcesBuildPhase;
			buildActionMask = 2147483647;
			files = (
				570E54F7247D3A4500C4890D /* LaunchScreen.storyboard in Resources */,
				570E54F4247D3A4500C4890D /* Assets.xcassets in Resources */,
				570E54F2247D3A4400C4890D /* Main.storyboard in Resources */,
			);
			runOnlyForDeploymentPostprocessing = 0;
		};
/* End PBXResourcesBuildPhase section */

/* Begin PBXShellScriptBuildPhase section */
		4FA4171CADE6AACF11F7CC8B /* [CP] Check Pods Manifest.lock */ = {
			isa = PBXShellScriptBuildPhase;
			buildActionMask = 2147483647;
			files = (
			);
			inputFileListPaths = (
			);
			inputPaths = (
				"${PODS_PODFILE_DIR_PATH}/Podfile.lock",
				"${PODS_ROOT}/Manifest.lock",
			);
			name = "[CP] Check Pods Manifest.lock";
			outputFileListPaths = (
			);
			outputPaths = (
				"$(DERIVED_FILE_DIR)/Pods-Contacts-checkManifestLockResult.txt",
			);
			runOnlyForDeploymentPostprocessing = 0;
			shellPath = /bin/sh;
			shellScript = "diff \"${PODS_PODFILE_DIR_PATH}/Podfile.lock\" \"${PODS_ROOT}/Manifest.lock\" > /dev/null\nif [ $? != 0 ] ; then\n    # print error to STDERR\n    echo \"error: The sandbox is not in sync with the Podfile.lock. Run 'pod install' or update your CocoaPods installation.\" >&2\n    exit 1\nfi\n# This output is used by Xcode 'outputs' to avoid re-running this script phase.\necho \"SUCCESS\" > \"${SCRIPT_OUTPUT_FILE_0}\"\n";
			showEnvVarsInLog = 0;
		};
		79CF597E67F0CD61F3947606 /* [CP] Embed Pods Frameworks */ = {
			isa = PBXShellScriptBuildPhase;
			buildActionMask = 2147483647;
			files = (
			);
			inputFileListPaths = (
				"${PODS_ROOT}/Target Support Files/Pods-Contacts/Pods-Contacts-frameworks-${CONFIGURATION}-input-files.xcfilelist",
			);
			name = "[CP] Embed Pods Frameworks";
			outputFileListPaths = (
				"${PODS_ROOT}/Target Support Files/Pods-Contacts/Pods-Contacts-frameworks-${CONFIGURATION}-output-files.xcfilelist",
			);
			runOnlyForDeploymentPostprocessing = 0;
			shellPath = /bin/sh;
			shellScript = "\"${PODS_ROOT}/Target Support Files/Pods-Contacts/Pods-Contacts-frameworks.sh\"\n";
			showEnvVarsInLog = 0;
		};
/* End PBXShellScriptBuildPhase section */

/* Begin PBXSourcesBuildPhase section */
		570E54E3247D3A4400C4890D /* Sources */ = {
			isa = PBXSourcesBuildPhase;
			buildActionMask = 2147483647;
			files = (
				57EE7301247E934700163F36 /* DataModel.swift in Sources */,
				570E54EF247D3A4400C4890D /* PeopleController.swift in Sources */,
				57EE7307247F23F200163F36 /* TableCell.swift in Sources */,
				570E54EB247D3A4400C4890D /* AppDelegate.swift in Sources */,
				5794EDB92481A78C004AE097 /* DetailedInfoController.swift in Sources */,
				572449862484112D00630600 /* PeopleControllerExt.swift in Sources */,
				5794EDB024819FA6004AE097 /* GridCell.swift in Sources */,
				570E54FF247D3B7000C4890D /* NetworkService.swift in Sources */,
				57EE7303247E9C4700163F36 /* Randomizer.swift in Sources */,
				570E54ED247D3A4400C4890D /* SceneDelegate.swift in Sources */,
			);
			runOnlyForDeploymentPostprocessing = 0;
		};
/* End PBXSourcesBuildPhase section */

/* Begin PBXVariantGroup section */
		570E54F0247D3A4400C4890D /* Main.storyboard */ = {
			isa = PBXVariantGroup;
			children = (
				570E54F1247D3A4400C4890D /* Base */,
			);
			name = Main.storyboard;
			sourceTree = "<group>";
		};
		570E54F5247D3A4500C4890D /* LaunchScreen.storyboard */ = {
			isa = PBXVariantGroup;
			children = (
				570E54F6247D3A4500C4890D /* Base */,
			);
			name = LaunchScreen.storyboard;
			sourceTree = "<group>";
		};
/* End PBXVariantGroup section */

/* Begin XCBuildConfiguration section */
		570E54F9247D3A4500C4890D /* Debug */ = {
			isa = XCBuildConfiguration;
			buildSettings = {
				ALWAYS_SEARCH_USER_PATHS = NO;
				CLANG_ANALYZER_NONNULL = YES;
				CLANG_ANALYZER_NUMBER_OBJECT_CONVERSION = YES_AGGRESSIVE;
				CLANG_CXX_LANGUAGE_STANDARD = "gnu++14";
				CLANG_CXX_LIBRARY = "libc++";
				CLANG_ENABLE_MODULES = YES;
				CLANG_ENABLE_OBJC_ARC = YES;
				CLANG_ENABLE_OBJC_WEAK = YES;
				CLANG_WARN_BLOCK_CAPTURE_AUTORELEASING = YES;
				CLANG_WARN_BOOL_CONVERSION = YES;
				CLANG_WARN_COMMA = YES;
				CLANG_WARN_CONSTANT_CONVERSION = YES;
				CLANG_WARN_DEPRECATED_OBJC_IMPLEMENTATIONS = YES;
				CLANG_WARN_DIRECT_OBJC_ISA_USAGE = YES_ERROR;
				CLANG_WARN_DOCUMENTATION_COMMENTS = YES;
				CLANG_WARN_EMPTY_BODY = YES;
				CLANG_WARN_ENUM_CONVERSION = YES;
				CLANG_WARN_INFINITE_RECURSION = YES;
				CLANG_WARN_INT_CONVERSION = YES;
				CLANG_WARN_NON_LITERAL_NULL_CONVERSION = YES;
				CLANG_WARN_OBJC_IMPLICIT_RETAIN_SELF = YES;
				CLANG_WARN_OBJC_LITERAL_CONVERSION = YES;
				CLANG_WARN_OBJC_ROOT_CLASS = YES_ERROR;
				CLANG_WARN_RANGE_LOOP_ANALYSIS = YES;
				CLANG_WARN_STRICT_PROTOTYPES = YES;
				CLANG_WARN_SUSPICIOUS_MOVE = YES;
				CLANG_WARN_UNGUARDED_AVAILABILITY = YES_AGGRESSIVE;
				CLANG_WARN_UNREACHABLE_CODE = YES;
				CLANG_WARN__DUPLICATE_METHOD_MATCH = YES;
				COPY_PHASE_STRIP = NO;
				DEBUG_INFORMATION_FORMAT = dwarf;
				ENABLE_STRICT_OBJC_MSGSEND = YES;
				ENABLE_TESTABILITY = YES;
				GCC_C_LANGUAGE_STANDARD = gnu11;
				GCC_DYNAMIC_NO_PIC = NO;
				GCC_NO_COMMON_BLOCKS = YES;
				GCC_OPTIMIZATION_LEVEL = 0;
				GCC_PREPROCESSOR_DEFINITIONS = (
					"DEBUG=1",
					"$(inherited)",
				);
				GCC_WARN_64_TO_32_BIT_CONVERSION = YES;
				GCC_WARN_ABOUT_RETURN_TYPE = YES_ERROR;
				GCC_WARN_UNDECLARED_SELECTOR = YES;
				GCC_WARN_UNINITIALIZED_AUTOS = YES_AGGRESSIVE;
				GCC_WARN_UNUSED_FUNCTION = YES;
				GCC_WARN_UNUSED_VARIABLE = YES;
				IPHONEOS_DEPLOYMENT_TARGET = 13.5;
				MTL_ENABLE_DEBUG_INFO = INCLUDE_SOURCE;
				MTL_FAST_MATH = YES;
				ONLY_ACTIVE_ARCH = YES;
				SDKROOT = iphoneos;
				SWIFT_ACTIVE_COMPILATION_CONDITIONS = DEBUG;
				SWIFT_OPTIMIZATION_LEVEL = "-Onone";
			};
			name = Debug;
		};
		570E54FA247D3A4500C4890D /* Release */ = {
			isa = XCBuildConfiguration;
			buildSettings = {
				ALWAYS_SEARCH_USER_PATHS = NO;
				CLANG_ANALYZER_NONNULL = YES;
				CLANG_ANALYZER_NUMBER_OBJECT_CONVERSION = YES_AGGRESSIVE;
				CLANG_CXX_LANGUAGE_STANDARD = "gnu++14";
				CLANG_CXX_LIBRARY = "libc++";
				CLANG_ENABLE_MODULES = YES;
				CLANG_ENABLE_OBJC_ARC = YES;
				CLANG_ENABLE_OBJC_WEAK = YES;
				CLANG_WARN_BLOCK_CAPTURE_AUTORELEASING = YES;
				CLANG_WARN_BOOL_CONVERSION = YES;
				CLANG_WARN_COMMA = YES;
				CLANG_WARN_CONSTANT_CONVERSION = YES;
				CLANG_WARN_DEPRECATED_OBJC_IMPLEMENTATIONS = YES;
				CLANG_WARN_DIRECT_OBJC_ISA_USAGE = YES_ERROR;
				CLANG_WARN_DOCUMENTATION_COMMENTS = YES;
				CLANG_WARN_EMPTY_BODY = YES;
				CLANG_WARN_ENUM_CONVERSION = YES;
				CLANG_WARN_INFINITE_RECURSION = YES;
				CLANG_WARN_INT_CONVERSION = YES;
				CLANG_WARN_NON_LITERAL_NULL_CONVERSION = YES;
				CLANG_WARN_OBJC_IMPLICIT_RETAIN_SELF = YES;
				CLANG_WARN_OBJC_LITERAL_CONVERSION = YES;
				CLANG_WARN_OBJC_ROOT_CLASS = YES_ERROR;
				CLANG_WARN_RANGE_LOOP_ANALYSIS = YES;
				CLANG_WARN_STRICT_PROTOTYPES = YES;
				CLANG_WARN_SUSPICIOUS_MOVE = YES;
				CLANG_WARN_UNGUARDED_AVAILABILITY = YES_AGGRESSIVE;
				CLANG_WARN_UNREACHABLE_CODE = YES;
				CLANG_WARN__DUPLICATE_METHOD_MATCH = YES;
				COPY_PHASE_STRIP = NO;
				DEBUG_INFORMATION_FORMAT = "dwarf-with-dsym";
				ENABLE_NS_ASSERTIONS = NO;
				ENABLE_STRICT_OBJC_MSGSEND = YES;
				GCC_C_LANGUAGE_STANDARD = gnu11;
				GCC_NO_COMMON_BLOCKS = YES;
				GCC_WARN_64_TO_32_BIT_CONVERSION = YES;
				GCC_WARN_ABOUT_RETURN_TYPE = YES_ERROR;
				GCC_WARN_UNDECLARED_SELECTOR = YES;
				GCC_WARN_UNINITIALIZED_AUTOS = YES_AGGRESSIVE;
				GCC_WARN_UNUSED_FUNCTION = YES;
				GCC_WARN_UNUSED_VARIABLE = YES;
				IPHONEOS_DEPLOYMENT_TARGET = 13.5;
				MTL_ENABLE_DEBUG_INFO = NO;
				MTL_FAST_MATH = YES;
				SDKROOT = iphoneos;
				SWIFT_COMPILATION_MODE = wholemodule;
				SWIFT_OPTIMIZATION_LEVEL = "-O";
				VALIDATE_PRODUCT = YES;
			};
			name = Release;
		};
		570E54FC247D3A4500C4890D /* Debug */ = {
			isa = XCBuildConfiguration;
			baseConfigurationReference = A1B0B4989E010FA0C128B2CA /* Pods-Contacts.debug.xcconfig */;
			buildSettings = {
				ASSETCATALOG_COMPILER_APPICON_NAME = AppIcon;
				CODE_SIGN_STYLE = Automatic;
				CURRENT_PROJECT_VERSION = 1;
				DEVELOPMENT_TEAM = 378HZ25P52;
				INFOPLIST_FILE = "$(SRCROOT)/Contacts/Supporting Files/Info.plist";
				LD_RUNPATH_SEARCH_PATHS = (
					"$(inherited)",
					"@executable_path/Frameworks",
				);
				MARKETING_VERSION = 1.0;
				PRODUCT_BUNDLE_IDENTIFIER = com.vpelivan.Contacts;
				PRODUCT_NAME = "$(TARGET_NAME)";
				SWIFT_VERSION = 5.0;
				TARGETED_DEVICE_FAMILY = "1,2";
			};
			name = Debug;
		};
		570E54FD247D3A4500C4890D /* Release */ = {
			isa = XCBuildConfiguration;
			baseConfigurationReference = B1A5E1D48C45D59754F80EE9 /* Pods-Contacts.release.xcconfig */;
			buildSettings = {
				ASSETCATALOG_COMPILER_APPICON_NAME = AppIcon;
				CODE_SIGN_STYLE = Automatic;
				CURRENT_PROJECT_VERSION = 1;
				DEVELOPMENT_TEAM = 378HZ25P52;
				INFOPLIST_FILE = "$(SRCROOT)/Contacts/Supporting Files/Info.plist";
				LD_RUNPATH_SEARCH_PATHS = (
					"$(inherited)",
					"@executable_path/Frameworks",
				);
				MARKETING_VERSION = 1.0;
				PRODUCT_BUNDLE_IDENTIFIER = com.vpelivan.Contacts;
				PRODUCT_NAME = "$(TARGET_NAME)";
				SWIFT_VERSION = 5.0;
				TARGETED_DEVICE_FAMILY = "1,2";
			};
			name = Release;
		};
/* End XCBuildConfiguration section */

/* Begin XCConfigurationList section */
		570E54E2247D3A4400C4890D /* Build configuration list for PBXProject "Contacts" */ = {
			isa = XCConfigurationList;
			buildConfigurations = (
				570E54F9247D3A4500C4890D /* Debug */,
				570E54FA247D3A4500C4890D /* Release */,
			);
			defaultConfigurationIsVisible = 0;
			defaultConfigurationName = Release;
		};
		570E54FB247D3A4500C4890D /* Build configuration list for PBXNativeTarget "Contacts" */ = {
			isa = XCConfigurationList;
			buildConfigurations = (
				570E54FC247D3A4500C4890D /* Debug */,
				570E54FD247D3A4500C4890D /* Release */,
			);
			defaultConfigurationIsVisible = 0;
			defaultConfigurationName = Release;
		};
/* End XCConfigurationList section */
	};
	rootObject = 570E54DF247D3A4400C4890D /* Project object */;
}
